// !$*UTF8*$!
{
	archiveVersion = 1;
	classes = {
	};
	objectVersion = 55;
	objects = {

/* Begin PBXBuildFile section */
		C30D3E3727E1AF11007D355E /* AppDelegate.swift in Sources */ = {isa = PBXBuildFile; fileRef = C30D3E3627E1AF11007D355E /* AppDelegate.swift */; };
		C30D3E3927E1AF11007D355E /* SceneDelegate.swift in Sources */ = {isa = PBXBuildFile; fileRef = C30D3E3827E1AF11007D355E /* SceneDelegate.swift */; };
		C30D3E3B27E1AF11007D355E /* ViewController.swift in Sources */ = {isa = PBXBuildFile; fileRef = C30D3E3A27E1AF11007D355E /* ViewController.swift */; };
		C30D3E3E27E1AF11007D355E /* Main.storyboard in Resources */ = {isa = PBXBuildFile; fileRef = C30D3E3C27E1AF11007D355E /* Main.storyboard */; };
		C30D3E4027E1AF12007D355E /* Assets.xcassets in Resources */ = {isa = PBXBuildFile; fileRef = C30D3E3F27E1AF12007D355E /* Assets.xcassets */; };
		C30D3E4327E1AF12007D355E /* LaunchScreen.storyboard in Resources */ = {isa = PBXBuildFile; fileRef = C30D3E4127E1AF12007D355E /* LaunchScreen.storyboard */; };
		C30D3E4D27E1AFC4007D355E /* MovieElement.swift in Sources */ = {isa = PBXBuildFile; fileRef = C30D3E4C27E1AFC4007D355E /* MovieElement.swift */; };
		C30D3E4F27E1AFF0007D355E /* NetworkManager.swift in Sources */ = {isa = PBXBuildFile; fileRef = C30D3E4E27E1AFF0007D355E /* NetworkManager.swift */; };
		C30D3E5227E1B11D007D355E /* GoNetError.swift in Sources */ = {isa = PBXBuildFile; fileRef = C30D3E5127E1B11D007D355E /* GoNetError.swift */; };
		C30D3E5527E1B27D007D355E /* GoNetTabBarController.swift in Sources */ = {isa = PBXBuildFile; fileRef = C30D3E5427E1B27D007D355E /* GoNetTabBarController.swift */; };
		C30D3E5727E1B364007D355E /* GoNetMovieListVC.swift in Sources */ = {isa = PBXBuildFile; fileRef = C30D3E5627E1B364007D355E /* GoNetMovieListVC.swift */; };
		C30D3E5B27E1B4DF007D355E /* MovieCell.swift in Sources */ = {isa = PBXBuildFile; fileRef = C30D3E5A27E1B4DF007D355E /* MovieCell.swift */; };
		C30D3E5D27E1B571007D355E /* GoNetTitleLabel.swift in Sources */ = {isa = PBXBuildFile; fileRef = C30D3E5C27E1B571007D355E /* GoNetTitleLabel.swift */; };
		C30D3E6027E1B9A2007D355E /* Color+Hex.swift in Sources */ = {isa = PBXBuildFile; fileRef = C30D3E5F27E1B9A2007D355E /* Color+Hex.swift */; };
		C30D3E6227E1BA40007D355E /* UIViewController+Ext.swift in Sources */ = {isa = PBXBuildFile; fileRef = C30D3E6127E1BA40007D355E /* UIViewController+Ext.swift */; };
		C30D3E6427E1BA7F007D355E /* GoNetAlertVC.swift in Sources */ = {isa = PBXBuildFile; fileRef = C30D3E6327E1BA7F007D355E /* GoNetAlertVC.swift */; };
		C30D3E6627E1BB0C007D355E /* GoNetButton.swift in Sources */ = {isa = PBXBuildFile; fileRef = C30D3E6527E1BB0B007D355E /* GoNetButton.swift */; };
		C30D3E6827E1BB4B007D355E /* GoNetBodyLabel.swift in Sources */ = {isa = PBXBuildFile; fileRef = C30D3E6727E1BB4B007D355E /* GoNetBodyLabel.swift */; };
		C30D3E6A27E1BB89007D355E /* GoNetAlertContainerView.swift in Sources */ = {isa = PBXBuildFile; fileRef = C30D3E6927E1BB89007D355E /* GoNetAlertContainerView.swift */; };
		C30D3E6C27E1BC5D007D355E /* GoNetImageView.swift in Sources */ = {isa = PBXBuildFile; fileRef = C30D3E6B27E1BC5D007D355E /* GoNetImageView.swift */; };
		C30D3E6E27E1BCC4007D355E /* Constants.swift in Sources */ = {isa = PBXBuildFile; fileRef = C30D3E6D27E1BCC4007D355E /* Constants.swift */; };
		C30D3E7127E1CCE7007D355E /* GoNetMovieDetailVC.swift in Sources */ = {isa = PBXBuildFile; fileRef = C30D3E6F27E1CCE7007D355E /* GoNetMovieDetailVC.swift */; };
		C30D3E7427E1D971007D355E /* GoNetFavoriteListVC.swift in Sources */ = {isa = PBXBuildFile; fileRef = C30D3E7327E1D971007D355E /* GoNetFavoriteListVC.swift */; };
		C30D3E7627E1DB4F007D355E /* PersistentManager.swift in Sources */ = {isa = PBXBuildFile; fileRef = C30D3E7527E1DB4F007D355E /* PersistentManager.swift */; };
/* End PBXBuildFile section */

/* Begin PBXFileReference section */
		C30D3E3327E1AF11007D355E /* GoNetSwift.app */ = {isa = PBXFileReference; explicitFileType = wrapper.application; includeInIndex = 0; path = GoNetSwift.app; sourceTree = BUILT_PRODUCTS_DIR; };
		C30D3E3627E1AF11007D355E /* AppDelegate.swift */ = {isa = PBXFileReference; lastKnownFileType = sourcecode.swift; path = AppDelegate.swift; sourceTree = "<group>"; };
		C30D3E3827E1AF11007D355E /* SceneDelegate.swift */ = {isa = PBXFileReference; lastKnownFileType = sourcecode.swift; path = SceneDelegate.swift; sourceTree = "<group>"; };
		C30D3E3A27E1AF11007D355E /* ViewController.swift */ = {isa = PBXFileReference; lastKnownFileType = sourcecode.swift; path = ViewController.swift; sourceTree = "<group>"; };
		C30D3E3D27E1AF11007D355E /* Base */ = {isa = PBXFileReference; lastKnownFileType = file.storyboard; name = Base; path = Base.lproj/Main.storyboard; sourceTree = "<group>"; };
		C30D3E3F27E1AF12007D355E /* Assets.xcassets */ = {isa = PBXFileReference; lastKnownFileType = folder.assetcatalog; path = Assets.xcassets; sourceTree = "<group>"; };
		C30D3E4227E1AF12007D355E /* Base */ = {isa = PBXFileReference; lastKnownFileType = file.storyboard; name = Base; path = Base.lproj/LaunchScreen.storyboard; sourceTree = "<group>"; };
		C30D3E4427E1AF12007D355E /* Info.plist */ = {isa = PBXFileReference; lastKnownFileType = text.plist.xml; path = Info.plist; sourceTree = "<group>"; };
		C30D3E4C27E1AFC4007D355E /* MovieElement.swift */ = {isa = PBXFileReference; lastKnownFileType = sourcecode.swift; path = MovieElement.swift; sourceTree = "<group>"; };
		C30D3E4E27E1AFF0007D355E /* NetworkManager.swift */ = {isa = PBXFileReference; lastKnownFileType = sourcecode.swift; path = NetworkManager.swift; sourceTree = "<group>"; };
		C30D3E5127E1B11D007D355E /* GoNetError.swift */ = {isa = PBXFileReference; lastKnownFileType = sourcecode.swift; path = GoNetError.swift; sourceTree = "<group>"; };
		C30D3E5427E1B27D007D355E /* GoNetTabBarController.swift */ = {isa = PBXFileReference; lastKnownFileType = sourcecode.swift; path = GoNetTabBarController.swift; sourceTree = "<group>"; };
		C30D3E5627E1B364007D355E /* GoNetMovieListVC.swift */ = {isa = PBXFileReference; lastKnownFileType = sourcecode.swift; path = GoNetMovieListVC.swift; sourceTree = "<group>"; };
		C30D3E5A27E1B4DF007D355E /* MovieCell.swift */ = {isa = PBXFileReference; lastKnownFileType = sourcecode.swift; path = MovieCell.swift; sourceTree = "<group>"; };
		C30D3E5C27E1B571007D355E /* GoNetTitleLabel.swift */ = {isa = PBXFileReference; lastKnownFileType = sourcecode.swift; path = GoNetTitleLabel.swift; sourceTree = "<group>"; };
		C30D3E5F27E1B9A2007D355E /* Color+Hex.swift */ = {isa = PBXFileReference; lastKnownFileType = sourcecode.swift; path = "Color+Hex.swift"; sourceTree = "<group>"; };
		C30D3E6127E1BA40007D355E /* UIViewController+Ext.swift */ = {isa = PBXFileReference; lastKnownFileType = sourcecode.swift; path = "UIViewController+Ext.swift"; sourceTree = "<group>"; };
		C30D3E6327E1BA7F007D355E /* GoNetAlertVC.swift */ = {isa = PBXFileReference; lastKnownFileType = sourcecode.swift; path = GoNetAlertVC.swift; sourceTree = "<group>"; };
		C30D3E6527E1BB0B007D355E /* GoNetButton.swift */ = {isa = PBXFileReference; lastKnownFileType = sourcecode.swift; path = GoNetButton.swift; sourceTree = "<group>"; };
		C30D3E6727E1BB4B007D355E /* GoNetBodyLabel.swift */ = {isa = PBXFileReference; lastKnownFileType = sourcecode.swift; path = GoNetBodyLabel.swift; sourceTree = "<group>"; };
		C30D3E6927E1BB89007D355E /* GoNetAlertContainerView.swift */ = {isa = PBXFileReference; lastKnownFileType = sourcecode.swift; path = GoNetAlertContainerView.swift; sourceTree = "<group>"; };
		C30D3E6B27E1BC5D007D355E /* GoNetImageView.swift */ = {isa = PBXFileReference; lastKnownFileType = sourcecode.swift; path = GoNetImageView.swift; sourceTree = "<group>"; };
		C30D3E6D27E1BCC4007D355E /* Constants.swift */ = {isa = PBXFileReference; lastKnownFileType = sourcecode.swift; path = Constants.swift; sourceTree = "<group>"; };
		C30D3E6F27E1CCE7007D355E /* GoNetMovieDetailVC.swift */ = {isa = PBXFileReference; lastKnownFileType = sourcecode.swift; path = GoNetMovieDetailVC.swift; sourceTree = "<group>"; };
		C30D3E7327E1D971007D355E /* GoNetFavoriteListVC.swift */ = {isa = PBXFileReference; lastKnownFileType = sourcecode.swift; path = GoNetFavoriteListVC.swift; sourceTree = "<group>"; };
		C30D3E7527E1DB4F007D355E /* PersistentManager.swift */ = {isa = PBXFileReference; lastKnownFileType = sourcecode.swift; path = PersistentManager.swift; sourceTree = "<group>"; };
/* End PBXFileReference section */

/* Begin PBXFrameworksBuildPhase section */
		C30D3E3027E1AF11007D355E /* Frameworks */ = {
			isa = PBXFrameworksBuildPhase;
			buildActionMask = 2147483647;
			files = (
			);
			runOnlyForDeploymentPostprocessing = 0;
		};
/* End PBXFrameworksBuildPhase section */

/* Begin PBXGroup section */
		C30D3E2A27E1AF11007D355E = {
			isa = PBXGroup;
			children = (
				C30D3E3527E1AF11007D355E /* GoNetSwift */,
				C30D3E3427E1AF11007D355E /* Products */,
			);
			sourceTree = "<group>";
		};
		C30D3E3427E1AF11007D355E /* Products */ = {
			isa = PBXGroup;
			children = (
				C30D3E3327E1AF11007D355E /* GoNetSwift.app */,
			);
			name = Products;
			sourceTree = "<group>";
		};
		C30D3E3527E1AF11007D355E /* GoNetSwift */ = {
			isa = PBXGroup;
			children = (
				C30D3E5E27E1B988007D355E /* Helpers */,
				C30D3E5827E1B4BB007D355E /* CustomViews */,
				C30D3E5327E1B260007D355E /* ViewControllers */,
				C30D3E5027E1B10D007D355E /* Utilities */,
				C30D3E4B27E1AF8D007D355E /* Model */,
				C30D3E4A27E1AF85007D355E /* Managers */,
				C30D3E3627E1AF11007D355E /* AppDelegate.swift */,
				C30D3E3827E1AF11007D355E /* SceneDelegate.swift */,
				C30D3E3A27E1AF11007D355E /* ViewController.swift */,
				C30D3E3C27E1AF11007D355E /* Main.storyboard */,
				C30D3E3F27E1AF12007D355E /* Assets.xcassets */,
				C30D3E4127E1AF12007D355E /* LaunchScreen.storyboard */,
				C30D3E4427E1AF12007D355E /* Info.plist */,
			);
			path = GoNetSwift;
			sourceTree = "<group>";
		};
		C30D3E4A27E1AF85007D355E /* Managers */ = {
			isa = PBXGroup;
			children = (
				C30D3E4E27E1AFF0007D355E /* NetworkManager.swift */,
				C30D3E7527E1DB4F007D355E /* PersistentManager.swift */,
			);
			path = Managers;
			sourceTree = "<group>";
		};
		C30D3E4B27E1AF8D007D355E /* Model */ = {
			isa = PBXGroup;
			children = (
				C30D3E4C27E1AFC4007D355E /* MovieElement.swift */,
			);
			path = Model;
			sourceTree = "<group>";
		};
		C30D3E5027E1B10D007D355E /* Utilities */ = {
			isa = PBXGroup;
			children = (
				C30D3E5127E1B11D007D355E /* GoNetError.swift */,
				C30D3E6D27E1BCC4007D355E /* Constants.swift */,
			);
			path = Utilities;
			sourceTree = "<group>";
		};
		C30D3E5327E1B260007D355E /* ViewControllers */ = {
			isa = PBXGroup;
			children = (
				C30D3E5427E1B27D007D355E /* GoNetTabBarController.swift */,
				C30D3E5627E1B364007D355E /* GoNetMovieListVC.swift */,
				C30D3E6F27E1CCE7007D355E /* GoNetMovieDetailVC.swift */,
				C30D3E7327E1D971007D355E /* GoNetFavoriteListVC.swift */,
			);
			path = ViewControllers;
			sourceTree = "<group>";
		};
		C30D3E5827E1B4BB007D355E /* CustomViews */ = {
			isa = PBXGroup;
			children = (
				C30D3E5927E1B4C4007D355E /* Cells */,
				C30D3E5C27E1B571007D355E /* GoNetTitleLabel.swift */,
				C30D3E6327E1BA7F007D355E /* GoNetAlertVC.swift */,
				C30D3E6527E1BB0B007D355E /* GoNetButton.swift */,
				C30D3E6727E1BB4B007D355E /* GoNetBodyLabel.swift */,
				C30D3E6927E1BB89007D355E /* GoNetAlertContainerView.swift */,
				C30D3E6B27E1BC5D007D355E /* GoNetImageView.swift */,
			);
			path = CustomViews;
			sourceTree = "<group>";
		};
		C30D3E5927E1B4C4007D355E /* Cells */ = {
			isa = PBXGroup;
			children = (
				C30D3E5A27E1B4DF007D355E /* MovieCell.swift */,
			);
			path = Cells;
			sourceTree = "<group>";
		};
		C30D3E5E27E1B988007D355E /* Helpers */ = {
			isa = PBXGroup;
			children = (
				C30D3E5F27E1B9A2007D355E /* Color+Hex.swift */,
				C30D3E6127E1BA40007D355E /* UIViewController+Ext.swift */,
			);
			path = Helpers;
			sourceTree = "<group>";
		};
/* End PBXGroup section */

/* Begin PBXNativeTarget section */
		C30D3E3227E1AF11007D355E /* GoNetSwift */ = {
			isa = PBXNativeTarget;
			buildConfigurationList = C30D3E4727E1AF12007D355E /* Build configuration list for PBXNativeTarget "GoNetSwift" */;
			buildPhases = (
				C30D3E2F27E1AF11007D355E /* Sources */,
				C30D3E3027E1AF11007D355E /* Frameworks */,
				C30D3E3127E1AF11007D355E /* Resources */,
			);
			buildRules = (
			);
			dependencies = (
			);
			name = GoNetSwift;
			productName = GoNetSwift;
			productReference = C30D3E3327E1AF11007D355E /* GoNetSwift.app */;
			productType = "com.apple.product-type.application";
		};
/* End PBXNativeTarget section */

/* Begin PBXProject section */
		C30D3E2B27E1AF11007D355E /* Project object */ = {
			isa = PBXProject;
			attributes = {
				BuildIndependentTargetsInParallel = 1;
				LastSwiftUpdateCheck = 1320;
				LastUpgradeCheck = 1320;
				TargetAttributes = {
					C30D3E3227E1AF11007D355E = {
						CreatedOnToolsVersion = 13.2.1;
					};
				};
			};
			buildConfigurationList = C30D3E2E27E1AF11007D355E /* Build configuration list for PBXProject "GoNetSwift" */;
			compatibilityVersion = "Xcode 13.0";
			developmentRegion = en;
			hasScannedForEncodings = 0;
			knownRegions = (
				en,
				Base,
			);
			mainGroup = C30D3E2A27E1AF11007D355E;
			productRefGroup = C30D3E3427E1AF11007D355E /* Products */;
			projectDirPath = "";
			projectRoot = "";
			targets = (
				C30D3E3227E1AF11007D355E /* GoNetSwift */,
			);
		};
/* End PBXProject section */

/* Begin PBXResourcesBuildPhase section */
		C30D3E3127E1AF11007D355E /* Resources */ = {
			isa = PBXResourcesBuildPhase;
			buildActionMask = 2147483647;
			files = (
				C30D3E4327E1AF12007D355E /* LaunchScreen.storyboard in Resources */,
				C30D3E4027E1AF12007D355E /* Assets.xcassets in Resources */,
				C30D3E3E27E1AF11007D355E /* Main.storyboard in Resources */,
			);
			runOnlyForDeploymentPostprocessing = 0;
		};
/* End PBXResourcesBuildPhase section */

/* Begin PBXSourcesBuildPhase section */
		C30D3E2F27E1AF11007D355E /* Sources */ = {
			isa = PBXSourcesBuildPhase;
			buildActionMask = 2147483647;
			files = (
				C30D3E5227E1B11D007D355E /* GoNetError.swift in Sources */,
				C30D3E6827E1BB4B007D355E /* GoNetBodyLabel.swift in Sources */,
				C30D3E6427E1BA7F007D355E /* GoNetAlertVC.swift in Sources */,
				C30D3E5527E1B27D007D355E /* GoNetTabBarController.swift in Sources */,
				C30D3E7627E1DB4F007D355E /* PersistentManager.swift in Sources */,
				C30D3E6C27E1BC5D007D355E /* GoNetImageView.swift in Sources */,
				C30D3E6227E1BA40007D355E /* UIViewController+Ext.swift in Sources */,
				C30D3E5B27E1B4DF007D355E /* MovieCell.swift in Sources */,
				C30D3E3B27E1AF11007D355E /* ViewController.swift in Sources */,
				C30D3E5727E1B364007D355E /* GoNetMovieListVC.swift in Sources */,
				C30D3E6627E1BB0C007D355E /* GoNetButton.swift in Sources */,
				C30D3E3727E1AF11007D355E /* AppDelegate.swift in Sources */,
				C30D3E4F27E1AFF0007D355E /* NetworkManager.swift in Sources */,
				C30D3E6A27E1BB89007D355E /* GoNetAlertContainerView.swift in Sources */,
				C30D3E5D27E1B571007D355E /* GoNetTitleLabel.swift in Sources */,
				C30D3E7427E1D971007D355E /* GoNetFavoriteListVC.swift in Sources */,
				C30D3E3927E1AF11007D355E /* SceneDelegate.swift in Sources */,
				C30D3E6027E1B9A2007D355E /* Color+Hex.swift in Sources */,
				C30D3E7127E1CCE7007D355E /* GoNetMovieDetailVC.swift in Sources */,
				C30D3E4D27E1AFC4007D355E /* MovieElement.swift in Sources */,
				C30D3E6E27E1BCC4007D355E /* Constants.swift in Sources */,
			);
			runOnlyForDeploymentPostprocessing = 0;
		};
/* End PBXSourcesBuildPhase section */

/* Begin PBXVariantGroup section */
		C30D3E3C27E1AF11007D355E /* Main.storyboard */ = {
			isa = PBXVariantGroup;
			children = (
				C30D3E3D27E1AF11007D355E /* Base */,
			);
			name = Main.storyboard;
			sourceTree = "<group>";
		};
		C30D3E4127E1AF12007D355E /* LaunchScreen.storyboard */ = {
			isa = PBXVariantGroup;
			children = (
				C30D3E4227E1AF12007D355E /* Base */,
			);
			name = LaunchScreen.storyboard;
			sourceTree = "<group>";
		};
/* End PBXVariantGroup section */

/* Begin XCBuildConfiguration section */
		C30D3E4527E1AF12007D355E /* Debug */ = {
			isa = XCBuildConfiguration;
			buildSettings = {
				ALWAYS_SEARCH_USER_PATHS = NO;
				CLANG_ANALYZER_NONNULL = YES;
				CLANG_ANALYZER_NUMBER_OBJECT_CONVERSION = YES_AGGRESSIVE;
				CLANG_CXX_LANGUAGE_STANDARD = "gnu++17";
				CLANG_CXX_LIBRARY = "libc++";
				CLANG_ENABLE_MODULES = YES;
				CLANG_ENABLE_OBJC_ARC = YES;
				CLANG_ENABLE_OBJC_WEAK = YES;
				CLANG_WARN_BLOCK_CAPTURE_AUTORELEASING = YES;
				CLANG_WARN_BOOL_CONVERSION = YES;
				CLANG_WARN_COMMA = YES;
				CLANG_WARN_CONSTANT_CONVERSION = YES;
				CLANG_WARN_DEPRECATED_OBJC_IMPLEMENTATIONS = YES;
				CLANG_WARN_DIRECT_OBJC_ISA_USAGE = YES_ERROR;
				CLANG_WARN_DOCUMENTATION_COMMENTS = YES;
				CLANG_WARN_EMPTY_BODY = YES;
				CLANG_WARN_ENUM_CONVERSION = YES;
				CLANG_WARN_INFINITE_RECURSION = YES;
				CLANG_WARN_INT_CONVERSION = YES;
				CLANG_WARN_NON_LITERAL_NULL_CONVERSION = YES;
				CLANG_WARN_OBJC_IMPLICIT_RETAIN_SELF = YES;
				CLANG_WARN_OBJC_LITERAL_CONVERSION = YES;
				CLANG_WARN_OBJC_ROOT_CLASS = YES_ERROR;
				CLANG_WARN_QUOTED_INCLUDE_IN_FRAMEWORK_HEADER = YES;
				CLANG_WARN_RANGE_LOOP_ANALYSIS = YES;
				CLANG_WARN_STRICT_PROTOTYPES = YES;
				CLANG_WARN_SUSPICIOUS_MOVE = YES;
				CLANG_WARN_UNGUARDED_AVAILABILITY = YES_AGGRESSIVE;
				CLANG_WARN_UNREACHABLE_CODE = YES;
				CLANG_WARN__DUPLICATE_METHOD_MATCH = YES;
				COPY_PHASE_STRIP = NO;
				DEBUG_INFORMATION_FORMAT = dwarf;
				ENABLE_STRICT_OBJC_MSGSEND = YES;
				ENABLE_TESTABILITY = YES;
				GCC_C_LANGUAGE_STANDARD = gnu11;
				GCC_DYNAMIC_NO_PIC = NO;
				GCC_NO_COMMON_BLOCKS = YES;
				GCC_OPTIMIZATION_LEVEL = 0;
				GCC_PREPROCESSOR_DEFINITIONS = (
					"DEBUG=1",
					"$(inherited)",
				);
				GCC_WARN_64_TO_32_BIT_CONVERSION = YES;
				GCC_WARN_ABOUT_RETURN_TYPE = YES_ERROR;
				GCC_WARN_UNDECLARED_SELECTOR = YES;
				GCC_WARN_UNINITIALIZED_AUTOS = YES_AGGRESSIVE;
				GCC_WARN_UNUSED_FUNCTION = YES;
				GCC_WARN_UNUSED_VARIABLE = YES;
				IPHONEOS_DEPLOYMENT_TARGET = 15.2;
				MTL_ENABLE_DEBUG_INFO = INCLUDE_SOURCE;
				MTL_FAST_MATH = YES;
				ONLY_ACTIVE_ARCH = YES;
				SDKROOT = iphoneos;
				SWIFT_ACTIVE_COMPILATION_CONDITIONS = DEBUG;
				SWIFT_OPTIMIZATION_LEVEL = "-Onone";
			};
			name = Debug;
		};
		C30D3E4627E1AF12007D355E /* Release */ = {
			isa = XCBuildConfiguration;
			buildSettings = {
				ALWAYS_SEARCH_USER_PATHS = NO;
				CLANG_ANALYZER_NONNULL = YES;
				CLANG_ANALYZER_NUMBER_OBJECT_CONVERSION = YES_AGGRESSIVE;
				CLANG_CXX_LANGUAGE_STANDARD = "gnu++17";
				CLANG_CXX_LIBRARY = "libc++";
				CLANG_ENABLE_MODULES = YES;
				CLANG_ENABLE_OBJC_ARC = YES;
				CLANG_ENABLE_OBJC_WEAK = YES;
				CLANG_WARN_BLOCK_CAPTURE_AUTORELEASING = YES;
				CLANG_WARN_BOOL_CONVERSION = YES;
				CLANG_WARN_COMMA = YES;
				CLANG_WARN_CONSTANT_CONVERSION = YES;
				CLANG_WARN_DEPRECATED_OBJC_IMPLEMENTATIONS = YES;
				CLANG_WARN_DIRECT_OBJC_ISA_USAGE = YES_ERROR;
				CLANG_WARN_DOCUMENTATION_COMMENTS = YES;
				CLANG_WARN_EMPTY_BODY = YES;
				CLANG_WARN_ENUM_CONVERSION = YES;
				CLANG_WARN_INFINITE_RECURSION = YES;
				CLANG_WARN_INT_CONVERSION = YES;
				CLANG_WARN_NON_LITERAL_NULL_CONVERSION = YES;
				CLANG_WARN_OBJC_IMPLICIT_RETAIN_SELF = YES;
				CLANG_WARN_OBJC_LITERAL_CONVERSION = YES;
				CLANG_WARN_OBJC_ROOT_CLASS = YES_ERROR;
				CLANG_WARN_QUOTED_INCLUDE_IN_FRAMEWORK_HEADER = YES;
				CLANG_WARN_RANGE_LOOP_ANALYSIS = YES;
				CLANG_WARN_STRICT_PROTOTYPES = YES;
				CLANG_WARN_SUSPICIOUS_MOVE = YES;
				CLANG_WARN_UNGUARDED_AVAILABILITY = YES_AGGRESSIVE;
				CLANG_WARN_UNREACHABLE_CODE = YES;
				CLANG_WARN__DUPLICATE_METHOD_MATCH = YES;
				COPY_PHASE_STRIP = NO;
				DEBUG_INFORMATION_FORMAT = "dwarf-with-dsym";
				ENABLE_NS_ASSERTIONS = NO;
				ENABLE_STRICT_OBJC_MSGSEND = YES;
				GCC_C_LANGUAGE_STANDARD = gnu11;
				GCC_NO_COMMON_BLOCKS = YES;
				GCC_WARN_64_TO_32_BIT_CONVERSION = YES;
				GCC_WARN_ABOUT_RETURN_TYPE = YES_ERROR;
				GCC_WARN_UNDECLARED_SELECTOR = YES;
				GCC_WARN_UNINITIALIZED_AUTOS = YES_AGGRESSIVE;
				GCC_WARN_UNUSED_FUNCTION = YES;
				GCC_WARN_UNUSED_VARIABLE = YES;
				IPHONEOS_DEPLOYMENT_TARGET = 15.2;
				MTL_ENABLE_DEBUG_INFO = NO;
				MTL_FAST_MATH = YES;
				SDKROOT = iphoneos;
				SWIFT_COMPILATION_MODE = wholemodule;
				SWIFT_OPTIMIZATION_LEVEL = "-O";
				VALIDATE_PRODUCT = YES;
			};
			name = Release;
		};
		C30D3E4827E1AF12007D355E /* Debug */ = {
			isa = XCBuildConfiguration;
			buildSettings = {
				ASSETCATALOG_COMPILER_APPICON_NAME = AppIcon;
				ASSETCATALOG_COMPILER_GLOBAL_ACCENT_COLOR_NAME = AccentColor;
				CODE_SIGN_STYLE = Automatic;
				CURRENT_PROJECT_VERSION = 1;
				GENERATE_INFOPLIST_FILE = YES;
				INFOPLIST_FILE = GoNetSwift/Info.plist;
				INFOPLIST_KEY_UIApplicationSupportsIndirectInputEvents = YES;
				INFOPLIST_KEY_UILaunchStoryboardName = LaunchScreen;
				INFOPLIST_KEY_UIMainStoryboardFile = Main;
				INFOPLIST_KEY_UISupportedInterfaceOrientations_iPad = "UIInterfaceOrientationPortrait UIInterfaceOrientationPortraitUpsideDown UIInterfaceOrientationLandscapeLeft UIInterfaceOrientationLandscapeRight";
				INFOPLIST_KEY_UISupportedInterfaceOrientations_iPhone = "UIInterfaceOrientationPortrait UIInterfaceOrientationLandscapeLeft UIInterfaceOrientationLandscapeRight";
				LD_RUNPATH_SEARCH_PATHS = (
					"$(inherited)",
					"@executable_path/Frameworks",
				);
				MARKETING_VERSION = 1.0;
				PRODUCT_BUNDLE_IDENTIFIER = com.test.GoNetSwift;
				PRODUCT_NAME = "$(TARGET_NAME)";
				SWIFT_EMIT_LOC_STRINGS = YES;
				SWIFT_VERSION = 5.0;
				TARGETED_DEVICE_FAMILY = "1,2";
			};
			name = Debug;
		};
		C30D3E4927E1AF12007D355E /* Release */ = {
			isa = XCBuildConfiguration;
			buildSettings = {
				ASSETCATALOG_COMPILER_APPICON_NAME = AppIcon;
				ASSETCATALOG_COMPILER_GLOBAL_ACCENT_COLOR_NAME = AccentColor;
				CODE_SIGN_STYLE = Automatic;
				CURRENT_PROJECT_VERSION = 1;
				GENERATE_INFOPLIST_FILE = YES;
				INFOPLIST_FILE = GoNetSwift/Info.plist;
				INFOPLIST_KEY_UIApplicationSupportsIndirectInputEvents = YES;
				INFOPLIST_KEY_UILaunchStoryboardName = LaunchScreen;
				INFOPLIST_KEY_UIMainStoryboardFile = Main;
				INFOPLIST_KEY_UISupportedInterfaceOrientations_iPad = "UIInterfaceOrientationPortrait UIInterfaceOrientationPortraitUpsideDown UIInterfaceOrientationLandscapeLeft UIInterfaceOrientationLandscapeRight";
				INFOPLIST_KEY_UISupportedInterfaceOrientations_iPhone = "UIInterfaceOrientationPortrait UIInterfaceOrientationLandscapeLeft UIInterfaceOrientationLandscapeRight";
				LD_RUNPATH_SEARCH_PATHS = (
					"$(inherited)",
					"@executable_path/Frameworks",
				);
				MARKETING_VERSION = 1.0;
				PRODUCT_BUNDLE_IDENTIFIER = com.test.GoNetSwift;
				PRODUCT_NAME = "$(TARGET_NAME)";
				SWIFT_EMIT_LOC_STRINGS = YES;
				SWIFT_VERSION = 5.0;
				TARGETED_DEVICE_FAMILY = "1,2";
			};
			name = Release;
		};
/* End XCBuildConfiguration section */

/* Begin XCConfigurationList section */
		C30D3E2E27E1AF11007D355E /* Build configuration list for PBXProject "GoNetSwift" */ = {
			isa = XCConfigurationList;
			buildConfigurations = (
				C30D3E4527E1AF12007D355E /* Debug */,
				C30D3E4627E1AF12007D355E /* Release */,
			);
			defaultConfigurationIsVisible = 0;
			defaultConfigurationName = Release;
		};
		C30D3E4727E1AF12007D355E /* Build configuration list for PBXNativeTarget "GoNetSwift" */ = {
			isa = XCConfigurationList;
			buildConfigurations = (
				C30D3E4827E1AF12007D355E /* Debug */,
				C30D3E4927E1AF12007D355E /* Release */,
			);
			defaultConfigurationIsVisible = 0;
			defaultConfigurationName = Release;
		};
/* End XCConfigurationList section */
	};
	rootObject = C30D3E2B27E1AF11007D355E /* Project object */;
}
